
Microsoft Visual Studio Solution File, Format Version 11.00
# Visual Studio 2010
Project("{FAE04EC0-301F-11D3-BF4B-00C04F79EFBC}") = "Color+", "Assembly-CSharp.csproj", "{FB1497E3-91EE-FCF2-0B33-E87B9278CF51}"
EndProject
Project("{FAE04EC0-301F-11D3-BF4B-00C04F79EFBC}") = "Color+", "Assembly-CSharp-firstpass.csproj", "{993C49A0-4124-3E7C-E228-2C786B484407}"
EndProject
Project("{FAE04EC0-301F-11D3-BF4B-00C04F79EFBC}") = "Color+", "Assembly-CSharp-Editor-firstpass.csproj", "{CC661681-10C1-B51F-50C0-BD9CB763C94E}"
EndProject
Global
	GlobalSection(SolutionConfigurationPlatforms) = preSolution
		Debug|Any CPU = Debug|Any CPU
		Release|Any CPU = Release|Any CPU
	EndGlobalSection
	GlobalSection(ProjectConfigurationPlatforms) = postSolution
		{FB1497E3-91EE-FCF2-0B33-E87B9278CF51}.Debug|Any CPU.ActiveCfg = Debug|Any CPU
		{FB1497E3-91EE-FCF2-0B33-E87B9278CF51}.Debug|Any CPU.Build.0 = Debug|Any CPU
		{FB1497E3-91EE-FCF2-0B33-E87B9278CF51}.Release|Any CPU.ActiveCfg = Release|Any CPU
		{FB1497E3-91EE-FCF2-0B33-E87B9278CF51}.Release|Any CPU.Build.0 = Release|Any CPU
		{993C49A0-4124-3E7C-E228-2C786B484407}.Debug|Any CPU.ActiveCfg = Debug|Any CPU
		{993C49A0-4124-3E7C-E228-2C786B484407}.Debug|Any CPU.Build.0 = Debug|Any CPU
		{993C49A0-4124-3E7C-E228-2C786B484407}.Release|Any CPU.ActiveCfg = Release|Any CPU
		{993C49A0-4124-3E7C-E228-2C786B484407}.Release|Any CPU.Build.0 = Release|Any CPU
		{CC661681-10C1-B51F-50C0-BD9CB763C94E}.Debug|Any CPU.ActiveCfg = Debug|Any CPU
		{CC661681-10C1-B51F-50C0-BD9CB763C94E}.Debug|Any CPU.Build.0 = Debug|Any CPU
		{CC661681-10C1-B51F-50C0-BD9CB763C94E}.Release|Any CPU.ActiveCfg = Release|Any CPU
		{CC661681-10C1-B51F-50C0-BD9CB763C94E}.Release|Any CPU.Build.0 = Release|Any CPU
	EndGlobalSection
	GlobalSection(SolutionProperties) = preSolution
		HideSolutionNode = FALSE
	EndGlobalSection
	GlobalSection(MonoDevelopProperties) = preSolution
		StartupItem = Assembly-CSharp.csproj
	EndGlobalSection
EndGlobal
